// !$*UTF8*$!
{
	archiveVersion = 1;
	classes = {
	};
	objectVersion = 55;
	objects = {

/* Begin PBXBuildFile section */
		4FB79B5D28AB9E0400BB1766 /* Deck.m in Sources */ = {isa = PBXBuildFile; fileRef = 4FB79B5C28AB9E0400BB1766 /* Deck.m */; };
		4FBFED1228ABF2F500D22997 /* PlayingCard.mm in Sources */ = {isa = PBXBuildFile; fileRef = 4FBFED1028ABF2F500D22997 /* PlayingCard.mm */; };
		4FBFED1528ABFAB100D22997 /* PlayingCardDeck.mm in Sources */ = {isa = PBXBuildFile; fileRef = 4FBFED1328ABFAB100D22997 /* PlayingCardDeck.mm */; };
		4FBFED1828AD312300D22997 /* CardMatchingGame.mm in Sources */ = {isa = PBXBuildFile; fileRef = 4FBFED1628AD312300D22997 /* CardMatchingGame.mm */; };
		4FDCAE7B28AB8F600041B31B /* AppDelegate.m in Sources */ = {isa = PBXBuildFile; fileRef = 4FDCAE7A28AB8F600041B31B /* AppDelegate.m */; };
		4FDCAE7E28AB8F600041B31B /* SceneDelegate.m in Sources */ = {isa = PBXBuildFile; fileRef = 4FDCAE7D28AB8F600041B31B /* SceneDelegate.m */; };
		4FDCAE8128AB8F600041B31B /* CardGameViewController.m in Sources */ = {isa = PBXBuildFile; fileRef = 4FDCAE8028AB8F600041B31B /* CardGameViewController.m */; };
		4FDCAE8428AB8F600041B31B /* Main.storyboard in Resources */ = {isa = PBXBuildFile; fileRef = 4FDCAE8228AB8F600041B31B /* Main.storyboard */; };
		4FDCAE8628AB8F610041B31B /* Assets.xcassets in Resources */ = {isa = PBXBuildFile; fileRef = 4FDCAE8528AB8F610041B31B /* Assets.xcassets */; };
		4FDCAE8928AB8F610041B31B /* LaunchScreen.storyboard in Resources */ = {isa = PBXBuildFile; fileRef = 4FDCAE8728AB8F610041B31B /* LaunchScreen.storyboard */; };
		4FDCAE8C28AB8F610041B31B /* main.m in Sources */ = {isa = PBXBuildFile; fileRef = 4FDCAE8B28AB8F610041B31B /* main.m */; };
		4FDCAE9728AB8FD90041B31B /* Card.m in Sources */ = {isa = PBXBuildFile; fileRef = 4FDCAE9628AB8FD90041B31B /* Card.m */; };
		4FE762E628AE9DC8009A9789 /* HistoryViewController.mm in Sources */ = {isa = PBXBuildFile; fileRef = 4FE762E428AE9DC8009A9789 /* HistoryViewController.mm */; };
		4FE762EE28AFC429009A9789 /* PlayingCardGameViewController.mm in Sources */ = {isa = PBXBuildFile; fileRef = 4FE762EC28AFC429009A9789 /* PlayingCardGameViewController.mm */; };
/* End PBXBuildFile section */

/* Begin PBXFileReference section */
		4FB79B5C28AB9E0400BB1766 /* Deck.m */ = {isa = PBXFileReference; lastKnownFileType = sourcecode.c.objc; path = Deck.m; sourceTree = "<group>"; };
		4FB79B5E28AB9E0D00BB1766 /* Deck.h */ = {isa = PBXFileReference; lastKnownFileType = sourcecode.c.h; path = Deck.h; sourceTree = "<group>"; };
		4FBFED1028ABF2F500D22997 /* PlayingCard.mm */ = {isa = PBXFileReference; lastKnownFileType = sourcecode.cpp.objcpp; path = PlayingCard.mm; sourceTree = "<group>"; };
		4FBFED1128ABF2F500D22997 /* PlayingCard.h */ = {isa = PBXFileReference; lastKnownFileType = sourcecode.c.h; path = PlayingCard.h; sourceTree = "<group>"; };
		4FBFED1328ABFAB100D22997 /* PlayingCardDeck.mm */ = {isa = PBXFileReference; lastKnownFileType = sourcecode.cpp.objcpp; path = PlayingCardDeck.mm; sourceTree = "<group>"; };
		4FBFED1428ABFAB100D22997 /* PlayingCardDeck.h */ = {isa = PBXFileReference; lastKnownFileType = sourcecode.c.h; path = PlayingCardDeck.h; sourceTree = "<group>"; };
		4FBFED1628AD312300D22997 /* CardMatchingGame.mm */ = {isa = PBXFileReference; lastKnownFileType = sourcecode.cpp.objcpp; path = CardMatchingGame.mm; sourceTree = "<group>"; };
		4FBFED1728AD312300D22997 /* CardMatchingGame.h */ = {isa = PBXFileReference; lastKnownFileType = sourcecode.c.h; path = CardMatchingGame.h; sourceTree = "<group>"; };
		4FDCAE7628AB8F600041B31B /* ObjectiveCTesting.app */ = {isa = PBXFileReference; explicitFileType = wrapper.application; includeInIndex = 0; path = ObjectiveCTesting.app; sourceTree = BUILT_PRODUCTS_DIR; };
		4FDCAE7928AB8F600041B31B /* AppDelegate.h */ = {isa = PBXFileReference; lastKnownFileType = sourcecode.c.h; path = AppDelegate.h; sourceTree = "<group>"; };
		4FDCAE7A28AB8F600041B31B /* AppDelegate.m */ = {isa = PBXFileReference; lastKnownFileType = sourcecode.c.objc; path = AppDelegate.m; sourceTree = "<group>"; };
		4FDCAE7C28AB8F600041B31B /* SceneDelegate.h */ = {isa = PBXFileReference; lastKnownFileType = sourcecode.c.h; path = SceneDelegate.h; sourceTree = "<group>"; };
		4FDCAE7D28AB8F600041B31B /* SceneDelegate.m */ = {isa = PBXFileReference; lastKnownFileType = sourcecode.c.objc; path = SceneDelegate.m; sourceTree = "<group>"; };
		4FDCAE7F28AB8F600041B31B /* CardGameViewController.h */ = {isa = PBXFileReference; lastKnownFileType = sourcecode.c.h; path = CardGameViewController.h; sourceTree = "<group>"; };
		4FDCAE8028AB8F600041B31B /* CardGameViewController.m */ = {isa = PBXFileReference; lastKnownFileType = sourcecode.c.objc; path = CardGameViewController.m; sourceTree = "<group>"; };
		4FDCAE8328AB8F600041B31B /* Base */ = {isa = PBXFileReference; lastKnownFileType = file.storyboard; name = Base; path = Base.lproj/Main.storyboard; sourceTree = "<group>"; };
		4FDCAE8528AB8F610041B31B /* Assets.xcassets */ = {isa = PBXFileReference; lastKnownFileType = folder.assetcatalog; path = Assets.xcassets; sourceTree = "<group>"; };
		4FDCAE8828AB8F610041B31B /* Base */ = {isa = PBXFileReference; lastKnownFileType = file.storyboard; name = Base; path = Base.lproj/LaunchScreen.storyboard; sourceTree = "<group>"; };
		4FDCAE8A28AB8F610041B31B /* Info.plist */ = {isa = PBXFileReference; lastKnownFileType = text.plist.xml; path = Info.plist; sourceTree = "<group>"; };
		4FDCAE8B28AB8F610041B31B /* main.m */ = {isa = PBXFileReference; lastKnownFileType = sourcecode.c.objc; path = main.m; sourceTree = "<group>"; };
		4FDCAE9228AB8FA50041B31B /* Card.h */ = {isa = PBXFileReference; lastKnownFileType = sourcecode.c.h; path = Card.h; sourceTree = "<group>"; };
		4FDCAE9628AB8FD90041B31B /* Card.m */ = {isa = PBXFileReference; lastKnownFileType = sourcecode.c.objc; path = Card.m; sourceTree = "<group>"; };
		4FE762E428AE9DC8009A9789 /* HistoryViewController.mm */ = {isa = PBXFileReference; lastKnownFileType = sourcecode.cpp.objcpp; path = HistoryViewController.mm; sourceTree = "<group>"; };
		4FE762E528AE9DC8009A9789 /* HistoryViewController.h */ = {isa = PBXFileReference; lastKnownFileType = sourcecode.c.h; path = HistoryViewController.h; sourceTree = "<group>"; };
		4FE762EC28AFC429009A9789 /* PlayingCardGameViewController.mm */ = {isa = PBXFileReference; lastKnownFileType = sourcecode.cpp.objcpp; path = PlayingCardGameViewController.mm; sourceTree = "<group>"; };
		4FE762ED28AFC429009A9789 /* PlayingCardGameViewController.h */ = {isa = PBXFileReference; lastKnownFileType = sourcecode.c.h; path = PlayingCardGameViewController.h; sourceTree = "<group>"; };
/* End PBXFileReference section */

/* Begin PBXFrameworksBuildPhase section */
		4FDCAE7328AB8F600041B31B /* Frameworks */ = {
			isa = PBXFrameworksBuildPhase;
			buildActionMask = 2147483647;
			files = (
			);
			runOnlyForDeploymentPostprocessing = 0;
		};
/* End PBXFrameworksBuildPhase section */

/* Begin PBXGroup section */
		4FB79B5F28ABB75300BB1766 /* Supporting Files */ = {
			isa = PBXGroup;
			children = (
				4FDCAE7928AB8F600041B31B /* AppDelegate.h */,
				4FDCAE7A28AB8F600041B31B /* AppDelegate.m */,
				4FDCAE7C28AB8F600041B31B /* SceneDelegate.h */,
				4FDCAE7D28AB8F600041B31B /* SceneDelegate.m */,
				4FDCAE8728AB8F610041B31B /* LaunchScreen.storyboard */,
			);
			path = "Supporting Files";
			sourceTree = "<group>";
		};
		4FB79B6028ABD0ED00BB1766 /* Model */ = {
			isa = PBXGroup;
			children = (
				4FDCAE9228AB8FA50041B31B /* Card.h */,
				4FDCAE9628AB8FD90041B31B /* Card.m */,
				4FB79B5E28AB9E0D00BB1766 /* Deck.h */,
				4FB79B5C28AB9E0400BB1766 /* Deck.m */,
				4FBFED1128ABF2F500D22997 /* PlayingCard.h */,
				4FBFED1028ABF2F500D22997 /* PlayingCard.mm */,
				4FBFED1428ABFAB100D22997 /* PlayingCardDeck.h */,
				4FBFED1328ABFAB100D22997 /* PlayingCardDeck.mm */,
				4FBFED1728AD312300D22997 /* CardMatchingGame.h */,
				4FBFED1628AD312300D22997 /* CardMatchingGame.mm */,
			);
			path = Model;
			sourceTree = "<group>";
		};
		4FDCAE6D28AB8F600041B31B = {
			isa = PBXGroup;
			children = (
				4FDCAE7828AB8F600041B31B /* ObjectiveCTesting */,
				4FDCAE7728AB8F600041B31B /* Products */,
			);
			sourceTree = "<group>";
		};
		4FDCAE7728AB8F600041B31B /* Products */ = {
			isa = PBXGroup;
			children = (
				4FDCAE7628AB8F600041B31B /* ObjectiveCTesting.app */,
			);
			name = Products;
			sourceTree = "<group>";
		};
		4FDCAE7828AB8F600041B31B /* ObjectiveCTesting */ = {
			isa = PBXGroup;
			children = (
				4FE762EA28AFC3E6009A9789 /* CardGame */,
				4FE762E328AE9DA5009A9789 /* History */,
				4FB79B6028ABD0ED00BB1766 /* Model */,
				4FB79B5F28ABB75300BB1766 /* Supporting Files */,
				4FDCAE8228AB8F600041B31B /* Main.storyboard */,
				4FDCAE8B28AB8F610041B31B /* main.m */,
				4FDCAE8528AB8F610041B31B /* Assets.xcassets */,
				4FDCAE8A28AB8F610041B31B /* Info.plist */,
			);
			path = ObjectiveCTesting;
			sourceTree = "<group>";
		};
		4FE762E328AE9DA5009A9789 /* History */ = {
			isa = PBXGroup;
			children = (
				4FE762E528AE9DC8009A9789 /* HistoryViewController.h */,
				4FE762E428AE9DC8009A9789 /* HistoryViewController.mm */,
			);
			path = History;
			sourceTree = "<group>";
		};
		4FE762EA28AFC3E6009A9789 /* CardGame */ = {
			isa = PBXGroup;
			children = (
				4FE762EB28AFC408009A9789 /* PlayingCardGame */,
				4FDCAE7F28AB8F600041B31B /* CardGameViewController.h */,
				4FDCAE8028AB8F600041B31B /* CardGameViewController.m */,
			);
			path = CardGame;
			sourceTree = "<group>";
		};
		4FE762EB28AFC408009A9789 /* PlayingCardGame */ = {
			isa = PBXGroup;
			children = (
				4FE762ED28AFC429009A9789 /* PlayingCardGameViewController.h */,
				4FE762EC28AFC429009A9789 /* PlayingCardGameViewController.mm */,
			);
			path = PlayingCardGame;
			sourceTree = "<group>";
		};
/* End PBXGroup section */

/* Begin PBXNativeTarget section */
		4FDCAE7528AB8F600041B31B /* ObjectiveCTesting */ = {
			isa = PBXNativeTarget;
			buildConfigurationList = 4FDCAE8F28AB8F610041B31B /* Build configuration list for PBXNativeTarget "ObjectiveCTesting" */;
			buildPhases = (
				4FDCAE7228AB8F600041B31B /* Sources */,
				4FDCAE7328AB8F600041B31B /* Frameworks */,
				4FDCAE7428AB8F600041B31B /* Resources */,
			);
			buildRules = (
			);
			dependencies = (
			);
			name = ObjectiveCTesting;
			productName = ObjectiveCTesting;
			productReference = 4FDCAE7628AB8F600041B31B /* ObjectiveCTesting.app */;
			productType = "com.apple.product-type.application";
		};
/* End PBXNativeTarget section */

/* Begin PBXProject section */
		4FDCAE6E28AB8F600041B31B /* Project object */ = {
			isa = PBXProject;
			attributes = {
				BuildIndependentTargetsInParallel = 1;
				LastUpgradeCheck = 1340;
				TargetAttributes = {
					4FDCAE7528AB8F600041B31B = {
						CreatedOnToolsVersion = 13.4.1;
					};
				};
			};
			buildConfigurationList = 4FDCAE7128AB8F600041B31B /* Build configuration list for PBXProject "ObjectiveCTesting" */;
			compatibilityVersion = "Xcode 13.0";
			developmentRegion = en;
			hasScannedForEncodings = 0;
			knownRegions = (
				en,
				Base,
			);
			mainGroup = 4FDCAE6D28AB8F600041B31B;
			productRefGroup = 4FDCAE7728AB8F600041B31B /* Products */;
			projectDirPath = "";
			projectRoot = "";
			targets = (
				4FDCAE7528AB8F600041B31B /* ObjectiveCTesting */,
			);
		};
/* End PBXProject section */

/* Begin PBXResourcesBuildPhase section */
		4FDCAE7428AB8F600041B31B /* Resources */ = {
			isa = PBXResourcesBuildPhase;
			buildActionMask = 2147483647;
			files = (
				4FDCAE8928AB8F610041B31B /* LaunchScreen.storyboard in Resources */,
				4FDCAE8628AB8F610041B31B /* Assets.xcassets in Resources */,
				4FDCAE8428AB8F600041B31B /* Main.storyboard in Resources */,
			);
			runOnlyForDeploymentPostprocessing = 0;
		};
/* End PBXResourcesBuildPhase section */

/* Begin PBXSourcesBuildPhase section */
		4FDCAE7228AB8F600041B31B /* Sources */ = {
			isa = PBXSourcesBuildPhase;
			buildActionMask = 2147483647;
			files = (
				4FDCAE8128AB8F600041B31B /* CardGameViewController.m in Sources */,
				4FE762E628AE9DC8009A9789 /* HistoryViewController.mm in Sources */,
				4FBFED1528ABFAB100D22997 /* PlayingCardDeck.mm in Sources */,
				4FBFED1228ABF2F500D22997 /* PlayingCard.mm in Sources */,
				4FDCAE9728AB8FD90041B31B /* Card.m in Sources */,
				4FDCAE7B28AB8F600041B31B /* AppDelegate.m in Sources */,
				4FE762EE28AFC429009A9789 /* PlayingCardGameViewController.mm in Sources */,
				4FDCAE8C28AB8F610041B31B /* main.m in Sources */,
				4FB79B5D28AB9E0400BB1766 /* Deck.m in Sources */,
				4FDCAE7E28AB8F600041B31B /* SceneDelegate.m in Sources */,
				4FBFED1828AD312300D22997 /* CardMatchingGame.mm in Sources */,
			);
			runOnlyForDeploymentPostprocessing = 0;
		};
/* End PBXSourcesBuildPhase section */

/* Begin PBXVariantGroup section */
		4FDCAE8228AB8F600041B31B /* Main.storyboard */ = {
			isa = PBXVariantGroup;
			children = (
				4FDCAE8328AB8F600041B31B /* Base */,
			);
			name = Main.storyboard;
			sourceTree = "<group>";
		};
		4FDCAE8728AB8F610041B31B /* LaunchScreen.storyboard */ = {
			isa = PBXVariantGroup;
			children = (
				4FDCAE8828AB8F610041B31B /* Base */,
			);
			name = LaunchScreen.storyboard;
			sourceTree = "<group>";
		};
/* End PBXVariantGroup section */

/* Begin XCBuildConfiguration section */
		4FDCAE8D28AB8F610041B31B /* Debug */ = {
			isa = XCBuildConfiguration;
			buildSettings = {
				ALWAYS_SEARCH_USER_PATHS = NO;
				CLANG_ANALYZER_NONNULL = YES;
				CLANG_ANALYZER_NUMBER_OBJECT_CONVERSION = YES_AGGRESSIVE;
				CLANG_CXX_LANGUAGE_STANDARD = "gnu++17";
				CLANG_ENABLE_MODULES = YES;
				CLANG_ENABLE_OBJC_ARC = YES;
				CLANG_ENABLE_OBJC_WEAK = YES;
				CLANG_WARN_BLOCK_CAPTURE_AUTORELEASING = YES;
				CLANG_WARN_BOOL_CONVERSION = YES;
				CLANG_WARN_COMMA = YES;
				CLANG_WARN_CONSTANT_CONVERSION = YES;
				CLANG_WARN_DEPRECATED_OBJC_IMPLEMENTATIONS = YES;
				CLANG_WARN_DIRECT_OBJC_ISA_USAGE = YES_ERROR;
				CLANG_WARN_DOCUMENTATION_COMMENTS = YES;
				CLANG_WARN_EMPTY_BODY = YES;
				CLANG_WARN_ENUM_CONVERSION = YES;
				CLANG_WARN_INFINITE_RECURSION = YES;
				CLANG_WARN_INT_CONVERSION = YES;
				CLANG_WARN_NON_LITERAL_NULL_CONVERSION = YES;
				CLANG_WARN_OBJC_IMPLICIT_RETAIN_SELF = YES;
				CLANG_WARN_OBJC_LITERAL_CONVERSION = YES;
				CLANG_WARN_OBJC_ROOT_CLASS = YES_ERROR;
				CLANG_WARN_QUOTED_INCLUDE_IN_FRAMEWORK_HEADER = YES;
				CLANG_WARN_RANGE_LOOP_ANALYSIS = YES;
				CLANG_WARN_STRICT_PROTOTYPES = YES;
				CLANG_WARN_SUSPICIOUS_MOVE = YES;
				CLANG_WARN_UNGUARDED_AVAILABILITY = YES_AGGRESSIVE;
				CLANG_WARN_UNREACHABLE_CODE = YES;
				CLANG_WARN__DUPLICATE_METHOD_MATCH = YES;
				COPY_PHASE_STRIP = NO;
				DEBUG_INFORMATION_FORMAT = dwarf;
				ENABLE_STRICT_OBJC_MSGSEND = YES;
				ENABLE_TESTABILITY = YES;
				GCC_C_LANGUAGE_STANDARD = gnu11;
				GCC_DYNAMIC_NO_PIC = NO;
				GCC_NO_COMMON_BLOCKS = YES;
				GCC_OPTIMIZATION_LEVEL = 0;
				GCC_PREPROCESSOR_DEFINITIONS = (
					"DEBUG=1",
					"$(inherited)",
				);
				GCC_WARN_64_TO_32_BIT_CONVERSION = YES;
				GCC_WARN_ABOUT_RETURN_TYPE = YES_ERROR;
				GCC_WARN_UNDECLARED_SELECTOR = YES;
				GCC_WARN_UNINITIALIZED_AUTOS = YES_AGGRESSIVE;
				GCC_WARN_UNUSED_FUNCTION = YES;
				GCC_WARN_UNUSED_VARIABLE = YES;
				IPHONEOS_DEPLOYMENT_TARGET = 15.5;
				MTL_ENABLE_DEBUG_INFO = INCLUDE_SOURCE;
				MTL_FAST_MATH = YES;
				ONLY_ACTIVE_ARCH = YES;
				SDKROOT = iphoneos;
			};
			name = Debug;
		};
		4FDCAE8E28AB8F610041B31B /* Release */ = {
			isa = XCBuildConfiguration;
			buildSettings = {
				ALWAYS_SEARCH_USER_PATHS = NO;
				CLANG_ANALYZER_NONNULL = YES;
				CLANG_ANALYZER_NUMBER_OBJECT_CONVERSION = YES_AGGRESSIVE;
				CLANG_CXX_LANGUAGE_STANDARD = "gnu++17";
				CLANG_ENABLE_MODULES = YES;
				CLANG_ENABLE_OBJC_ARC = YES;
				CLANG_ENABLE_OBJC_WEAK = YES;
				CLANG_WARN_BLOCK_CAPTURE_AUTORELEASING = YES;
				CLANG_WARN_BOOL_CONVERSION = YES;
				CLANG_WARN_COMMA = YES;
				CLANG_WARN_CONSTANT_CONVERSION = YES;
				CLANG_WARN_DEPRECATED_OBJC_IMPLEMENTATIONS = YES;
				CLANG_WARN_DIRECT_OBJC_ISA_USAGE = YES_ERROR;
				CLANG_WARN_DOCUMENTATION_COMMENTS = YES;
				CLANG_WARN_EMPTY_BODY = YES;
				CLANG_WARN_ENUM_CONVERSION = YES;
				CLANG_WARN_INFINITE_RECURSION = YES;
				CLANG_WARN_INT_CONVERSION = YES;
				CLANG_WARN_NON_LITERAL_NULL_CONVERSION = YES;
				CLANG_WARN_OBJC_IMPLICIT_RETAIN_SELF = YES;
				CLANG_WARN_OBJC_LITERAL_CONVERSION = YES;
				CLANG_WARN_OBJC_ROOT_CLASS = YES_ERROR;
				CLANG_WARN_QUOTED_INCLUDE_IN_FRAMEWORK_HEADER = YES;
				CLANG_WARN_RANGE_LOOP_ANALYSIS = YES;
				CLANG_WARN_STRICT_PROTOTYPES = YES;
				CLANG_WARN_SUSPICIOUS_MOVE = YES;
				CLANG_WARN_UNGUARDED_AVAILABILITY = YES_AGGRESSIVE;
				CLANG_WARN_UNREACHABLE_CODE = YES;
				CLANG_WARN__DUPLICATE_METHOD_MATCH = YES;
				COPY_PHASE_STRIP = NO;
				DEBUG_INFORMATION_FORMAT = "dwarf-with-dsym";
				ENABLE_NS_ASSERTIONS = NO;
				ENABLE_STRICT_OBJC_MSGSEND = YES;
				GCC_C_LANGUAGE_STANDARD = gnu11;
				GCC_NO_COMMON_BLOCKS = YES;
				GCC_WARN_64_TO_32_BIT_CONVERSION = YES;
				GCC_WARN_ABOUT_RETURN_TYPE = YES_ERROR;
				GCC_WARN_UNDECLARED_SELECTOR = YES;
				GCC_WARN_UNINITIALIZED_AUTOS = YES_AGGRESSIVE;
				GCC_WARN_UNUSED_FUNCTION = YES;
				GCC_WARN_UNUSED_VARIABLE = YES;
				IPHONEOS_DEPLOYMENT_TARGET = 15.5;
				MTL_ENABLE_DEBUG_INFO = NO;
				MTL_FAST_MATH = YES;
				SDKROOT = iphoneos;
				VALIDATE_PRODUCT = YES;
			};
			name = Release;
		};
		4FDCAE9028AB8F610041B31B /* Debug */ = {
			isa = XCBuildConfiguration;
			buildSettings = {
				ASSETCATALOG_COMPILER_APPICON_NAME = AppIcon;
				ASSETCATALOG_COMPILER_GLOBAL_ACCENT_COLOR_NAME = AccentColor;
				CODE_SIGN_STYLE = Automatic;
				CURRENT_PROJECT_VERSION = 1;
				DEVELOPMENT_TEAM = LJ2765778Z;
				GENERATE_INFOPLIST_FILE = YES;
				INFOPLIST_FILE = ObjectiveCTesting/Info.plist;
				INFOPLIST_KEY_UIApplicationSupportsIndirectInputEvents = YES;
				INFOPLIST_KEY_UILaunchStoryboardName = LaunchScreen;
				INFOPLIST_KEY_UIMainStoryboardFile = Main;
				INFOPLIST_KEY_UISupportedInterfaceOrientations_iPad = "UIInterfaceOrientationPortrait UIInterfaceOrientationPortraitUpsideDown UIInterfaceOrientationLandscapeLeft UIInterfaceOrientationLandscapeRight";
				INFOPLIST_KEY_UISupportedInterfaceOrientations_iPhone = "UIInterfaceOrientationPortrait UIInterfaceOrientationLandscapeLeft UIInterfaceOrientationLandscapeRight";
				LD_RUNPATH_SEARCH_PATHS = (
					"$(inherited)",
					"@executable_path/Frameworks",
				);
				MARKETING_VERSION = 1.0;
				PRODUCT_BUNDLE_IDENTIFIER = com.snkirov.ObjectiveCTesting;
				PRODUCT_NAME = "$(TARGET_NAME)";
				SWIFT_EMIT_LOC_STRINGS = YES;
				TARGETED_DEVICE_FAMILY = "1,2";
			};
			name = Debug;
		};
		4FDCAE9128AB8F610041B31B /* Release */ = {
			isa = XCBuildConfiguration;
			buildSettings = {
				ASSETCATALOG_COMPILER_APPICON_NAME = AppIcon;
				ASSETCATALOG_COMPILER_GLOBAL_ACCENT_COLOR_NAME = AccentColor;
				CODE_SIGN_STYLE = Automatic;
				CURRENT_PROJECT_VERSION = 1;
				DEVELOPMENT_TEAM = LJ2765778Z;
				GENERATE_INFOPLIST_FILE = YES;
				INFOPLIST_FILE = ObjectiveCTesting/Info.plist;
				INFOPLIST_KEY_UIApplicationSupportsIndirectInputEvents = YES;
				INFOPLIST_KEY_UILaunchStoryboardName = LaunchScreen;
				INFOPLIST_KEY_UIMainStoryboardFile = Main;
				INFOPLIST_KEY_UISupportedInterfaceOrientations_iPad = "UIInterfaceOrientationPortrait UIInterfaceOrientationPortraitUpsideDown UIInterfaceOrientationLandscapeLeft UIInterfaceOrientationLandscapeRight";
				INFOPLIST_KEY_UISupportedInterfaceOrientations_iPhone = "UIInterfaceOrientationPortrait UIInterfaceOrientationLandscapeLeft UIInterfaceOrientationLandscapeRight";
				LD_RUNPATH_SEARCH_PATHS = (
					"$(inherited)",
					"@executable_path/Frameworks",
				);
				MARKETING_VERSION = 1.0;
				PRODUCT_BUNDLE_IDENTIFIER = com.snkirov.ObjectiveCTesting;
				PRODUCT_NAME = "$(TARGET_NAME)";
				SWIFT_EMIT_LOC_STRINGS = YES;
				TARGETED_DEVICE_FAMILY = "1,2";
			};
			name = Release;
		};
/* End XCBuildConfiguration section */

/* Begin XCConfigurationList section */
		4FDCAE7128AB8F600041B31B /* Build configuration list for PBXProject "ObjectiveCTesting" */ = {
			isa = XCConfigurationList;
			buildConfigurations = (
				4FDCAE8D28AB8F610041B31B /* Debug */,
				4FDCAE8E28AB8F610041B31B /* Release */,
			);
			defaultConfigurationIsVisible = 0;
			defaultConfigurationName = Release;
		};
		4FDCAE8F28AB8F610041B31B /* Build configuration list for PBXNativeTarget "ObjectiveCTesting" */ = {
			isa = XCConfigurationList;
			buildConfigurations = (
				4FDCAE9028AB8F610041B31B /* Debug */,
				4FDCAE9128AB8F610041B31B /* Release */,
			);
			defaultConfigurationIsVisible = 0;
			defaultConfigurationName = Release;
		};
/* End XCConfigurationList section */
	};
	rootObject = 4FDCAE6E28AB8F600041B31B /* Project object */;
}
