// !$*UTF8*$!
{
	archiveVersion = 1;
	classes = {
	};
	objectVersion = 55;
	objects = {

/* Begin PBXBuildFile section */
		4F00E78C28CA003B007A7829 /* DeckFactory.mm in Sources */ = {isa = PBXBuildFile; fileRef = 4F00E78B28CA003B007A7829 /* DeckFactory.mm */; };
		4F00E78F28CA0341007A7829 /* PlayingCardUtil.mm in Sources */ = {isa = PBXBuildFile; fileRef = 4F00E78D28CA0341007A7829 /* PlayingCardUtil.mm */; };
		4F0616EE28CA27C800115680 /* CardView.mm in Sources */ = {isa = PBXBuildFile; fileRef = 4F0616EC28CA27C800115680 /* CardView.mm */; };
		4F0616F328CB4F0500115680 /* Grid.m in Sources */ = {isa = PBXBuildFile; fileRef = 4F0616F128CB4F0500115680 /* Grid.m */; };
		4F2F1D7928BF8C9500C08DF4 /* SetCardView.mm in Sources */ = {isa = PBXBuildFile; fileRef = 4F2F1D7728BF8C9500C08DF4 /* SetCardView.mm */; };
		4F2F1D7E28BFA25F00C08DF4 /* SetCardUtil.mm in Sources */ = {isa = PBXBuildFile; fileRef = 4F2F1D7D28BFA25F00C08DF4 /* SetCardUtil.mm */; };
		4F48F9FA28BE048E00D322FE /* BaseGameViewController.mm in Sources */ = {isa = PBXBuildFile; fileRef = 4F48F9F828BE048E00D322FE /* BaseGameViewController.mm */; };
		4F48F9FD28BE04C600D322FE /* PlayingCardGameViewController.mm in Sources */ = {isa = PBXBuildFile; fileRef = 4F48F9FB28BE04C600D322FE /* PlayingCardGameViewController.mm */; };
		4FB79B5D28AB9E0400BB1766 /* Deck.m in Sources */ = {isa = PBXBuildFile; fileRef = 4FB79B5C28AB9E0400BB1766 /* Deck.m */; };
		4FBFED1228ABF2F500D22997 /* PlayingCard.mm in Sources */ = {isa = PBXBuildFile; fileRef = 4FBFED1028ABF2F500D22997 /* PlayingCard.mm */; };
		4FBFED1828AD312300D22997 /* CardMatchingGame.mm in Sources */ = {isa = PBXBuildFile; fileRef = 4FBFED1628AD312300D22997 /* CardMatchingGame.mm */; };
		4FCA80DB28B9017900D962C6 /* PlayingCardMatchingService.mm in Sources */ = {isa = PBXBuildFile; fileRef = 4FCA80D928B9017900D962C6 /* PlayingCardMatchingService.mm */; };
		4FCA80DE28B9034D00D962C6 /* SetCardMatchingService.mm in Sources */ = {isa = PBXBuildFile; fileRef = 4FCA80DC28B9034D00D962C6 /* SetCardMatchingService.mm */; };
		4FCA80E428B9095000D962C6 /* SetCard.mm in Sources */ = {isa = PBXBuildFile; fileRef = 4FCA80E228B9095000D962C6 /* SetCard.mm */; };
		4FCA80E728B9096900D962C6 /* SetCardGameViewController.mm in Sources */ = {isa = PBXBuildFile; fileRef = 4FCA80E628B9096900D962C6 /* SetCardGameViewController.mm */; };
		4FCA80EA28B9098D00D962C6 /* OldPlayingCardGameViewController.mm in Sources */ = {isa = PBXBuildFile; fileRef = 4FCA80E928B9098D00D962C6 /* OldPlayingCardGameViewController.mm */; };
		4FCA80ED28B90DE100D962C6 /* PlayingCardMatchingGame.mm in Sources */ = {isa = PBXBuildFile; fileRef = 4FCA80EB28B90DE100D962C6 /* PlayingCardMatchingGame.mm */; };
		4FCA80F028B90DEF00D962C6 /* SetCardMatchingGame.mm in Sources */ = {isa = PBXBuildFile; fileRef = 4FCA80EE28B90DEF00D962C6 /* SetCardMatchingGame.mm */; };
		4FCA80F728B91EF700D962C6 /* PlayingCardView.mm in Sources */ = {isa = PBXBuildFile; fileRef = 4FCA80F528B91EF700D962C6 /* PlayingCardView.mm */; };
		4FDCAE7B28AB8F600041B31B /* AppDelegate.m in Sources */ = {isa = PBXBuildFile; fileRef = 4FDCAE7A28AB8F600041B31B /* AppDelegate.m */; };
		4FDCAE7E28AB8F600041B31B /* SceneDelegate.m in Sources */ = {isa = PBXBuildFile; fileRef = 4FDCAE7D28AB8F600041B31B /* SceneDelegate.m */; };
		4FDCAE8128AB8F600041B31B /* OldBaseGameViewController.m in Sources */ = {isa = PBXBuildFile; fileRef = 4FDCAE8028AB8F600041B31B /* OldBaseGameViewController.m */; };
		4FDCAE8428AB8F600041B31B /* Main.storyboard in Resources */ = {isa = PBXBuildFile; fileRef = 4FDCAE8228AB8F600041B31B /* Main.storyboard */; };
		4FDCAE8628AB8F610041B31B /* Assets.xcassets in Resources */ = {isa = PBXBuildFile; fileRef = 4FDCAE8528AB8F610041B31B /* Assets.xcassets */; };
		4FDCAE8928AB8F610041B31B /* LaunchScreen.storyboard in Resources */ = {isa = PBXBuildFile; fileRef = 4FDCAE8728AB8F610041B31B /* LaunchScreen.storyboard */; };
		4FDCAE8C28AB8F610041B31B /* main.m in Sources */ = {isa = PBXBuildFile; fileRef = 4FDCAE8B28AB8F610041B31B /* main.m */; };
		4FDCAE9728AB8FD90041B31B /* Card.m in Sources */ = {isa = PBXBuildFile; fileRef = 4FDCAE9628AB8FD90041B31B /* Card.m */; };
/* End PBXBuildFile section */

/* Begin PBXFileReference section */
		4F00E78928C9F9B2007A7829 /* MacrosHeader.h */ = {isa = PBXFileReference; lastKnownFileType = sourcecode.c.h; path = MacrosHeader.h; sourceTree = "<group>"; };
		4F00E78A28CA003B007A7829 /* DeckFactory.h */ = {isa = PBXFileReference; fileEncoding = 4; lastKnownFileType = sourcecode.c.h; path = DeckFactory.h; sourceTree = "<group>"; };
		4F00E78B28CA003B007A7829 /* DeckFactory.mm */ = {isa = PBXFileReference; fileEncoding = 4; lastKnownFileType = sourcecode.cpp.objcpp; path = DeckFactory.mm; sourceTree = "<group>"; };
		4F00E78D28CA0341007A7829 /* PlayingCardUtil.mm */ = {isa = PBXFileReference; lastKnownFileType = sourcecode.cpp.objcpp; path = PlayingCardUtil.mm; sourceTree = "<group>"; };
		4F00E78E28CA0341007A7829 /* PlayingCardUtil.h */ = {isa = PBXFileReference; lastKnownFileType = sourcecode.c.h; path = PlayingCardUtil.h; sourceTree = "<group>"; };
		4F0616EC28CA27C800115680 /* CardView.mm */ = {isa = PBXFileReference; lastKnownFileType = sourcecode.cpp.objcpp; path = CardView.mm; sourceTree = "<group>"; };
		4F0616ED28CA27C800115680 /* CardView.h */ = {isa = PBXFileReference; lastKnownFileType = sourcecode.c.h; path = CardView.h; sourceTree = "<group>"; };
		4F0616F128CB4F0500115680 /* Grid.m */ = {isa = PBXFileReference; fileEncoding = 4; lastKnownFileType = sourcecode.c.objc; path = Grid.m; sourceTree = "<group>"; };
		4F0616F228CB4F0500115680 /* Grid.h */ = {isa = PBXFileReference; fileEncoding = 4; lastKnownFileType = sourcecode.c.h; path = Grid.h; sourceTree = "<group>"; };
		4F2F1D7728BF8C9500C08DF4 /* SetCardView.mm */ = {isa = PBXFileReference; lastKnownFileType = sourcecode.cpp.objcpp; path = SetCardView.mm; sourceTree = "<group>"; };
		4F2F1D7828BF8C9500C08DF4 /* SetCardView.h */ = {isa = PBXFileReference; lastKnownFileType = sourcecode.c.h; path = SetCardView.h; sourceTree = "<group>"; };
		4F2F1D7B28BF9C2400C08DF4 /* SetCardUtil.h */ = {isa = PBXFileReference; lastKnownFileType = sourcecode.c.h; name = SetCardUtil.h; path = ObjectiveCTesting/Utils/CardUtils/SetCardUtil.h; sourceTree = SOURCE_ROOT; };
		4F2F1D7D28BFA25F00C08DF4 /* SetCardUtil.mm */ = {isa = PBXFileReference; fileEncoding = 4; lastKnownFileType = sourcecode.cpp.objcpp; path = SetCardUtil.mm; sourceTree = "<group>"; };
		4F48F9F828BE048E00D322FE /* BaseGameViewController.mm */ = {isa = PBXFileReference; lastKnownFileType = sourcecode.cpp.objcpp; path = BaseGameViewController.mm; sourceTree = "<group>"; };
		4F48F9F928BE048E00D322FE /* BaseGameViewController.h */ = {isa = PBXFileReference; lastKnownFileType = sourcecode.c.h; path = BaseGameViewController.h; sourceTree = "<group>"; };
		4F48F9FB28BE04C600D322FE /* PlayingCardGameViewController.mm */ = {isa = PBXFileReference; lastKnownFileType = sourcecode.cpp.objcpp; path = PlayingCardGameViewController.mm; sourceTree = "<group>"; };
		4F48F9FC28BE04C600D322FE /* PlayingCardGameViewController.h */ = {isa = PBXFileReference; lastKnownFileType = sourcecode.c.h; path = PlayingCardGameViewController.h; sourceTree = "<group>"; };
		4F48FA5128BE17D500D322FE /* PrefixHeader.pch */ = {isa = PBXFileReference; lastKnownFileType = sourcecode.c.h; path = PrefixHeader.pch; sourceTree = "<group>"; };
		4FB79B5C28AB9E0400BB1766 /* Deck.m */ = {isa = PBXFileReference; lastKnownFileType = sourcecode.c.objc; path = Deck.m; sourceTree = "<group>"; };
		4FB79B5E28AB9E0D00BB1766 /* Deck.h */ = {isa = PBXFileReference; lastKnownFileType = sourcecode.c.h; path = Deck.h; sourceTree = "<group>"; };
		4FBFED1028ABF2F500D22997 /* PlayingCard.mm */ = {isa = PBXFileReference; lastKnownFileType = sourcecode.cpp.objcpp; path = PlayingCard.mm; sourceTree = "<group>"; };
		4FBFED1128ABF2F500D22997 /* PlayingCard.h */ = {isa = PBXFileReference; lastKnownFileType = sourcecode.c.h; path = PlayingCard.h; sourceTree = "<group>"; };
		4FBFED1628AD312300D22997 /* CardMatchingGame.mm */ = {isa = PBXFileReference; lastKnownFileType = sourcecode.cpp.objcpp; path = CardMatchingGame.mm; sourceTree = "<group>"; };
		4FBFED1728AD312300D22997 /* CardMatchingGame.h */ = {isa = PBXFileReference; lastKnownFileType = sourcecode.c.h; path = CardMatchingGame.h; sourceTree = "<group>"; };
		4FCA80D228B8FE9500D962C6 /* CardMatchingServiceProtocol.h */ = {isa = PBXFileReference; lastKnownFileType = sourcecode.c.h; path = CardMatchingServiceProtocol.h; sourceTree = "<group>"; };
		4FCA80D928B9017900D962C6 /* PlayingCardMatchingService.mm */ = {isa = PBXFileReference; lastKnownFileType = sourcecode.cpp.objcpp; path = PlayingCardMatchingService.mm; sourceTree = "<group>"; };
		4FCA80DA28B9017900D962C6 /* PlayingCardMatchingService.h */ = {isa = PBXFileReference; lastKnownFileType = sourcecode.c.h; path = PlayingCardMatchingService.h; sourceTree = "<group>"; };
		4FCA80DC28B9034D00D962C6 /* SetCardMatchingService.mm */ = {isa = PBXFileReference; lastKnownFileType = sourcecode.cpp.objcpp; path = SetCardMatchingService.mm; sourceTree = "<group>"; };
		4FCA80DD28B9034D00D962C6 /* SetCardMatchingService.h */ = {isa = PBXFileReference; lastKnownFileType = sourcecode.c.h; path = SetCardMatchingService.h; sourceTree = "<group>"; };
		4FCA80DF28B9095000D962C6 /* SetCard.h */ = {isa = PBXFileReference; fileEncoding = 4; lastKnownFileType = sourcecode.c.h; path = SetCard.h; sourceTree = "<group>"; };
		4FCA80E228B9095000D962C6 /* SetCard.mm */ = {isa = PBXFileReference; fileEncoding = 4; lastKnownFileType = sourcecode.cpp.objcpp; path = SetCard.mm; sourceTree = "<group>"; };
		4FCA80E528B9096900D962C6 /* SetCardGameViewController.h */ = {isa = PBXFileReference; fileEncoding = 4; lastKnownFileType = sourcecode.c.h; path = SetCardGameViewController.h; sourceTree = "<group>"; };
		4FCA80E628B9096900D962C6 /* SetCardGameViewController.mm */ = {isa = PBXFileReference; fileEncoding = 4; lastKnownFileType = sourcecode.cpp.objcpp; path = SetCardGameViewController.mm; sourceTree = "<group>"; };
		4FCA80E828B9098D00D962C6 /* OldPlayingCardGameViewController.h */ = {isa = PBXFileReference; fileEncoding = 4; lastKnownFileType = sourcecode.c.h; path = OldPlayingCardGameViewController.h; sourceTree = "<group>"; };
		4FCA80E928B9098D00D962C6 /* OldPlayingCardGameViewController.mm */ = {isa = PBXFileReference; fileEncoding = 4; lastKnownFileType = sourcecode.cpp.objcpp; path = OldPlayingCardGameViewController.mm; sourceTree = "<group>"; };
		4FCA80EB28B90DE100D962C6 /* PlayingCardMatchingGame.mm */ = {isa = PBXFileReference; lastKnownFileType = sourcecode.cpp.objcpp; path = PlayingCardMatchingGame.mm; sourceTree = "<group>"; };
		4FCA80EC28B90DE100D962C6 /* PlayingCardMatchingGame.h */ = {isa = PBXFileReference; lastKnownFileType = sourcecode.c.h; path = PlayingCardMatchingGame.h; sourceTree = "<group>"; };
		4FCA80EE28B90DEF00D962C6 /* SetCardMatchingGame.mm */ = {isa = PBXFileReference; lastKnownFileType = sourcecode.cpp.objcpp; path = SetCardMatchingGame.mm; sourceTree = "<group>"; };
		4FCA80EF28B90DEF00D962C6 /* SetCardMatchingGame.h */ = {isa = PBXFileReference; lastKnownFileType = sourcecode.c.h; path = SetCardMatchingGame.h; sourceTree = "<group>"; };
		4FCA80F528B91EF700D962C6 /* PlayingCardView.mm */ = {isa = PBXFileReference; lastKnownFileType = sourcecode.cpp.objcpp; path = PlayingCardView.mm; sourceTree = "<group>"; };
		4FCA80F628B91EF700D962C6 /* PlayingCardView.h */ = {isa = PBXFileReference; lastKnownFileType = sourcecode.c.h; path = PlayingCardView.h; sourceTree = "<group>"; };
		4FDCAE7628AB8F600041B31B /* ObjectiveCTesting.app */ = {isa = PBXFileReference; explicitFileType = wrapper.application; includeInIndex = 0; path = ObjectiveCTesting.app; sourceTree = BUILT_PRODUCTS_DIR; };
		4FDCAE7928AB8F600041B31B /* AppDelegate.h */ = {isa = PBXFileReference; lastKnownFileType = sourcecode.c.h; path = AppDelegate.h; sourceTree = "<group>"; };
		4FDCAE7A28AB8F600041B31B /* AppDelegate.m */ = {isa = PBXFileReference; lastKnownFileType = sourcecode.c.objc; path = AppDelegate.m; sourceTree = "<group>"; };
		4FDCAE7C28AB8F600041B31B /* SceneDelegate.h */ = {isa = PBXFileReference; lastKnownFileType = sourcecode.c.h; path = SceneDelegate.h; sourceTree = "<group>"; };
		4FDCAE7D28AB8F600041B31B /* SceneDelegate.m */ = {isa = PBXFileReference; lastKnownFileType = sourcecode.c.objc; path = SceneDelegate.m; sourceTree = "<group>"; };
		4FDCAE7F28AB8F600041B31B /* OldBaseGameViewController.h */ = {isa = PBXFileReference; lastKnownFileType = sourcecode.c.h; path = OldBaseGameViewController.h; sourceTree = "<group>"; };
		4FDCAE8028AB8F600041B31B /* OldBaseGameViewController.m */ = {isa = PBXFileReference; lastKnownFileType = sourcecode.c.objc; path = OldBaseGameViewController.m; sourceTree = "<group>"; };
		4FDCAE8328AB8F600041B31B /* Base */ = {isa = PBXFileReference; lastKnownFileType = file.storyboard; name = Base; path = Base.lproj/Main.storyboard; sourceTree = "<group>"; };
		4FDCAE8528AB8F610041B31B /* Assets.xcassets */ = {isa = PBXFileReference; lastKnownFileType = folder.assetcatalog; path = Assets.xcassets; sourceTree = "<group>"; };
		4FDCAE8828AB8F610041B31B /* Base */ = {isa = PBXFileReference; lastKnownFileType = file.storyboard; name = Base; path = Base.lproj/LaunchScreen.storyboard; sourceTree = "<group>"; };
		4FDCAE8A28AB8F610041B31B /* Info.plist */ = {isa = PBXFileReference; lastKnownFileType = text.plist.xml; path = Info.plist; sourceTree = "<group>"; };
		4FDCAE8B28AB8F610041B31B /* main.m */ = {isa = PBXFileReference; lastKnownFileType = sourcecode.c.objc; path = main.m; sourceTree = "<group>"; };
		4FDCAE9228AB8FA50041B31B /* Card.h */ = {isa = PBXFileReference; lastKnownFileType = sourcecode.c.h; path = Card.h; sourceTree = "<group>"; };
		4FDCAE9628AB8FD90041B31B /* Card.m */ = {isa = PBXFileReference; lastKnownFileType = sourcecode.c.objc; path = Card.m; sourceTree = "<group>"; };
/* End PBXFileReference section */

/* Begin PBXFrameworksBuildPhase section */
		4FDCAE7328AB8F600041B31B /* Frameworks */ = {
			isa = PBXFrameworksBuildPhase;
			buildActionMask = 2147483647;
			files = (
			);
			runOnlyForDeploymentPostprocessing = 0;
		};
/* End PBXFrameworksBuildPhase section */

/* Begin PBXGroup section */
		4F00E79028CA0353007A7829 /* CardUtils */ = {
			isa = PBXGroup;
			children = (
				4F2F1D7B28BF9C2400C08DF4 /* SetCardUtil.h */,
				4F2F1D7D28BFA25F00C08DF4 /* SetCardUtil.mm */,
				4F00E78E28CA0341007A7829 /* PlayingCardUtil.h */,
				4F00E78D28CA0341007A7829 /* PlayingCardUtil.mm */,
			);
			path = CardUtils;
			sourceTree = "<group>";
		};
		4F00E79128CA0362007A7829 /* DeckFactory */ = {
			isa = PBXGroup;
			children = (
				4F00E78A28CA003B007A7829 /* DeckFactory.h */,
				4F00E78B28CA003B007A7829 /* DeckFactory.mm */,
			);
			path = DeckFactory;
			sourceTree = "<group>";
		};
		4F0616EF28CA27CD00115680 /* Views */ = {
			isa = PBXGroup;
			children = (
				4F0616ED28CA27C800115680 /* CardView.h */,
				4F0616EC28CA27C800115680 /* CardView.mm */,
			);
			path = Views;
			sourceTree = "<group>";
		};
		4F0616F028CB4EF500115680 /* Grid */ = {
			isa = PBXGroup;
			children = (
				4F0616F228CB4F0500115680 /* Grid.h */,
				4F0616F128CB4F0500115680 /* Grid.m */,
			);
			path = Grid;
			sourceTree = "<group>";
		};
		4F2F1D7628BF8B7B00C08DF4 /* Views */ = {
			isa = PBXGroup;
			children = (
				4F2F1D7828BF8C9500C08DF4 /* SetCardView.h */,
				4F2F1D7728BF8C9500C08DF4 /* SetCardView.mm */,
			);
			path = Views;
			sourceTree = "<group>";
		};
		4FB79B5F28ABB75300BB1766 /* Supporting Files */ = {
			isa = PBXGroup;
			children = (
				4F00E78928C9F9B2007A7829 /* MacrosHeader.h */,
				4FDCAE7928AB8F600041B31B /* AppDelegate.h */,
				4FDCAE7A28AB8F600041B31B /* AppDelegate.m */,
				4FDCAE7C28AB8F600041B31B /* SceneDelegate.h */,
				4FDCAE7D28AB8F600041B31B /* SceneDelegate.m */,
				4FDCAE8728AB8F610041B31B /* LaunchScreen.storyboard */,
			);
			path = "Supporting Files";
			sourceTree = "<group>";
		};
		4FB79B6028ABD0ED00BB1766 /* Game Implementation */ = {
			isa = PBXGroup;
			children = (
				4FBFED1728AD312300D22997 /* CardMatchingGame.h */,
				4FBFED1628AD312300D22997 /* CardMatchingGame.mm */,
				4FCA80EC28B90DE100D962C6 /* PlayingCardMatchingGame.h */,
				4FCA80EB28B90DE100D962C6 /* PlayingCardMatchingGame.mm */,
				4FCA80EF28B90DEF00D962C6 /* SetCardMatchingGame.h */,
				4FCA80EE28B90DEF00D962C6 /* SetCardMatchingGame.mm */,
			);
			path = "Game Implementation";
			sourceTree = "<group>";
		};
		4FCA80C128B8D87300D962C6 /* PlayingCardGame */ = {
			isa = PBXGroup;
			children = (
				4FCA80F428B91ED800D962C6 /* Views */,
				4FCA80C328B8D89200D962C6 /* ViewControllers */,
				4FCA80C228B8D88D00D962C6 /* Models */,
			);
			path = PlayingCardGame;
			sourceTree = "<group>";
		};
		4FCA80C228B8D88D00D962C6 /* Models */ = {
			isa = PBXGroup;
			children = (
				4FBFED1128ABF2F500D22997 /* PlayingCard.h */,
				4FBFED1028ABF2F500D22997 /* PlayingCard.mm */,
			);
			path = Models;
			sourceTree = "<group>";
		};
		4FCA80C328B8D89200D962C6 /* ViewControllers */ = {
			isa = PBXGroup;
			children = (
				4FCA80E828B9098D00D962C6 /* OldPlayingCardGameViewController.h */,
				4FCA80E928B9098D00D962C6 /* OldPlayingCardGameViewController.mm */,
				4F48F9FC28BE04C600D322FE /* PlayingCardGameViewController.h */,
				4F48F9FB28BE04C600D322FE /* PlayingCardGameViewController.mm */,
			);
			path = ViewControllers;
			sourceTree = "<group>";
		};
		4FCA80C428B8D8A300D962C6 /* SetGame */ = {
			isa = PBXGroup;
			children = (
				4F2F1D7628BF8B7B00C08DF4 /* Views */,
				4FCA80C528B8D8B100D962C6 /* ViewControllers */,
				4FCA80C628B8D8BA00D962C6 /* Models */,
			);
			path = SetGame;
			sourceTree = "<group>";
		};
		4FCA80C528B8D8B100D962C6 /* ViewControllers */ = {
			isa = PBXGroup;
			children = (
				4FCA80E528B9096900D962C6 /* SetCardGameViewController.h */,
				4FCA80E628B9096900D962C6 /* SetCardGameViewController.mm */,
			);
			path = ViewControllers;
			sourceTree = "<group>";
		};
		4FCA80C628B8D8BA00D962C6 /* Models */ = {
			isa = PBXGroup;
			children = (
				4FCA80DF28B9095000D962C6 /* SetCard.h */,
				4FCA80E228B9095000D962C6 /* SetCard.mm */,
			);
			path = Models;
			sourceTree = "<group>";
		};
		4FCA80C728B8D8D600D962C6 /* BaseGame */ = {
			isa = PBXGroup;
			children = (
				4F0616EF28CA27CD00115680 /* Views */,
				4FCA80C828B8D90300D962C6 /* ViewControllers */,
				4FCA80C928B8D90C00D962C6 /* Models */,
			);
			path = BaseGame;
			sourceTree = "<group>";
		};
		4FCA80C828B8D90300D962C6 /* ViewControllers */ = {
			isa = PBXGroup;
			children = (
				4FDCAE7F28AB8F600041B31B /* OldBaseGameViewController.h */,
				4FDCAE8028AB8F600041B31B /* OldBaseGameViewController.m */,
				4F48F9F928BE048E00D322FE /* BaseGameViewController.h */,
				4F48F9F828BE048E00D322FE /* BaseGameViewController.mm */,
			);
			path = ViewControllers;
			sourceTree = "<group>";
		};
		4FCA80C928B8D90C00D962C6 /* Models */ = {
			isa = PBXGroup;
			children = (
				4FDCAE9228AB8FA50041B31B /* Card.h */,
				4FDCAE9628AB8FD90041B31B /* Card.m */,
				4FB79B5E28AB9E0D00BB1766 /* Deck.h */,
				4FB79B5C28AB9E0400BB1766 /* Deck.m */,
			);
			path = Models;
			sourceTree = "<group>";
		};
		4FCA80CA28B8D97F00D962C6 /* Modules */ = {
			isa = PBXGroup;
			children = (
				4FCA80C728B8D8D600D962C6 /* BaseGame */,
				4FCA80C428B8D8A300D962C6 /* SetGame */,
				4FCA80C128B8D87300D962C6 /* PlayingCardGame */,
			);
			path = Modules;
			sourceTree = "<group>";
		};
		4FCA80CB28B8E4D700D962C6 /* Utils */ = {
			isa = PBXGroup;
			children = (
				4F0616F028CB4EF500115680 /* Grid */,
				4F00E79128CA0362007A7829 /* DeckFactory */,
				4F00E79028CA0353007A7829 /* CardUtils */,
				4FCA80D528B8FFF800D962C6 /* CardMatching */,
			);
			path = Utils;
			sourceTree = "<group>";
		};
		4FCA80D528B8FFF800D962C6 /* CardMatching */ = {
			isa = PBXGroup;
			children = (
				4FCA80D228B8FE9500D962C6 /* CardMatchingServiceProtocol.h */,
				4FCA80DA28B9017900D962C6 /* PlayingCardMatchingService.h */,
				4FCA80D928B9017900D962C6 /* PlayingCardMatchingService.mm */,
				4FCA80DD28B9034D00D962C6 /* SetCardMatchingService.h */,
				4FCA80DC28B9034D00D962C6 /* SetCardMatchingService.mm */,
			);
			path = CardMatching;
			sourceTree = "<group>";
		};
		4FCA80F428B91ED800D962C6 /* Views */ = {
			isa = PBXGroup;
			children = (
				4FCA80F628B91EF700D962C6 /* PlayingCardView.h */,
				4FCA80F528B91EF700D962C6 /* PlayingCardView.mm */,
			);
			path = Views;
			sourceTree = "<group>";
		};
		4FDCAE6D28AB8F600041B31B = {
			isa = PBXGroup;
			children = (
				4FDCAE7828AB8F600041B31B /* ObjectiveCTesting */,
				4FDCAE7728AB8F600041B31B /* Products */,
			);
			sourceTree = "<group>";
		};
		4FDCAE7728AB8F600041B31B /* Products */ = {
			isa = PBXGroup;
			children = (
				4FDCAE7628AB8F600041B31B /* ObjectiveCTesting.app */,
			);
			name = Products;
			sourceTree = "<group>";
		};
		4FDCAE7828AB8F600041B31B /* ObjectiveCTesting */ = {
			isa = PBXGroup;
			children = (
				4FCA80CB28B8E4D700D962C6 /* Utils */,
				4FCA80CA28B8D97F00D962C6 /* Modules */,
				4FB79B6028ABD0ED00BB1766 /* Game Implementation */,
				4FB79B5F28ABB75300BB1766 /* Supporting Files */,
				4FDCAE8228AB8F600041B31B /* Main.storyboard */,
				4FDCAE8B28AB8F610041B31B /* main.m */,
				4FDCAE8528AB8F610041B31B /* Assets.xcassets */,
				4FDCAE8A28AB8F610041B31B /* Info.plist */,
				4F48FA5128BE17D500D322FE /* PrefixHeader.pch */,
			);
			path = ObjectiveCTesting;
			sourceTree = "<group>";
		};
/* End PBXGroup section */

/* Begin PBXNativeTarget section */
		4FDCAE7528AB8F600041B31B /* ObjectiveCTesting */ = {
			isa = PBXNativeTarget;
			buildConfigurationList = 4FDCAE8F28AB8F610041B31B /* Build configuration list for PBXNativeTarget "ObjectiveCTesting" */;
			buildPhases = (
				4FDCAE7228AB8F600041B31B /* Sources */,
				4FDCAE7328AB8F600041B31B /* Frameworks */,
				4FDCAE7428AB8F600041B31B /* Resources */,
			);
			buildRules = (
			);
			dependencies = (
			);
			name = ObjectiveCTesting;
			productName = ObjectiveCTesting;
			productReference = 4FDCAE7628AB8F600041B31B /* ObjectiveCTesting.app */;
			productType = "com.apple.product-type.application";
		};
/* End PBXNativeTarget section */

/* Begin PBXProject section */
		4FDCAE6E28AB8F600041B31B /* Project object */ = {
			isa = PBXProject;
			attributes = {
				BuildIndependentTargetsInParallel = 1;
				LastUpgradeCheck = 1340;
				TargetAttributes = {
					4FDCAE7528AB8F600041B31B = {
						CreatedOnToolsVersion = 13.4.1;
					};
				};
			};
			buildConfigurationList = 4FDCAE7128AB8F600041B31B /* Build configuration list for PBXProject "ObjectiveCTesting" */;
			compatibilityVersion = "Xcode 13.0";
			developmentRegion = en;
			hasScannedForEncodings = 0;
			knownRegions = (
				en,
				Base,
			);
			mainGroup = 4FDCAE6D28AB8F600041B31B;
			productRefGroup = 4FDCAE7728AB8F600041B31B /* Products */;
			projectDirPath = "";
			projectRoot = "";
			targets = (
				4FDCAE7528AB8F600041B31B /* ObjectiveCTesting */,
			);
		};
/* End PBXProject section */

/* Begin PBXResourcesBuildPhase section */
		4FDCAE7428AB8F600041B31B /* Resources */ = {
			isa = PBXResourcesBuildPhase;
			buildActionMask = 2147483647;
			files = (
				4FDCAE8928AB8F610041B31B /* LaunchScreen.storyboard in Resources */,
				4FDCAE8628AB8F610041B31B /* Assets.xcassets in Resources */,
				4FDCAE8428AB8F600041B31B /* Main.storyboard in Resources */,
			);
			runOnlyForDeploymentPostprocessing = 0;
		};
/* End PBXResourcesBuildPhase section */

/* Begin PBXSourcesBuildPhase section */
		4FDCAE7228AB8F600041B31B /* Sources */ = {
			isa = PBXSourcesBuildPhase;
			buildActionMask = 2147483647;
			files = (
				4FCA80E428B9095000D962C6 /* SetCard.mm in Sources */,
				4FDCAE8128AB8F600041B31B /* OldBaseGameViewController.m in Sources */,
				4FCA80F028B90DEF00D962C6 /* SetCardMatchingGame.mm in Sources */,
				4FBFED1228ABF2F500D22997 /* PlayingCard.mm in Sources */,
				4FDCAE9728AB8FD90041B31B /* Card.m in Sources */,
				4FCA80E728B9096900D962C6 /* SetCardGameViewController.mm in Sources */,
				4FDCAE7B28AB8F600041B31B /* AppDelegate.m in Sources */,
				4F0616F328CB4F0500115680 /* Grid.m in Sources */,
				4F2F1D7928BF8C9500C08DF4 /* SetCardView.mm in Sources */,
				4F0616EE28CA27C800115680 /* CardView.mm in Sources */,
				4FCA80DB28B9017900D962C6 /* PlayingCardMatchingService.mm in Sources */,
				4FDCAE8C28AB8F610041B31B /* main.m in Sources */,
				4F00E78F28CA0341007A7829 /* PlayingCardUtil.mm in Sources */,
				4F00E78C28CA003B007A7829 /* DeckFactory.mm in Sources */,
				4FB79B5D28AB9E0400BB1766 /* Deck.m in Sources */,
				4FDCAE7E28AB8F600041B31B /* SceneDelegate.m in Sources */,
				4F48F9FA28BE048E00D322FE /* BaseGameViewController.mm in Sources */,
				4FBFED1828AD312300D22997 /* CardMatchingGame.mm in Sources */,
				4FCA80ED28B90DE100D962C6 /* PlayingCardMatchingGame.mm in Sources */,
				4FCA80F728B91EF700D962C6 /* PlayingCardView.mm in Sources */,
				4F48F9FD28BE04C600D322FE /* PlayingCardGameViewController.mm in Sources */,
				4FCA80EA28B9098D00D962C6 /* OldPlayingCardGameViewController.mm in Sources */,
				4F2F1D7E28BFA25F00C08DF4 /* SetCardUtil.mm in Sources */,
				4FCA80DE28B9034D00D962C6 /* SetCardMatchingService.mm in Sources */,
			);
			runOnlyForDeploymentPostprocessing = 0;
		};
/* End PBXSourcesBuildPhase section */

/* Begin PBXVariantGroup section */
		4FDCAE8228AB8F600041B31B /* Main.storyboard */ = {
			isa = PBXVariantGroup;
			children = (
				4FDCAE8328AB8F600041B31B /* Base */,
			);
			name = Main.storyboard;
			sourceTree = "<group>";
		};
		4FDCAE8728AB8F610041B31B /* LaunchScreen.storyboard */ = {
			isa = PBXVariantGroup;
			children = (
				4FDCAE8828AB8F610041B31B /* Base */,
			);
			name = LaunchScreen.storyboard;
			sourceTree = "<group>";
		};
/* End PBXVariantGroup section */

/* Begin XCBuildConfiguration section */
		4FDCAE8D28AB8F610041B31B /* Debug */ = {
			isa = XCBuildConfiguration;
			buildSettings = {
				ALWAYS_SEARCH_USER_PATHS = NO;
				CLANG_ANALYZER_NONNULL = YES;
				CLANG_ANALYZER_NUMBER_OBJECT_CONVERSION = YES_AGGRESSIVE;
				CLANG_CXX_LANGUAGE_STANDARD = "gnu++17";
				CLANG_ENABLE_MODULES = YES;
				CLANG_ENABLE_OBJC_ARC = YES;
				CLANG_ENABLE_OBJC_WEAK = YES;
				CLANG_WARN_BLOCK_CAPTURE_AUTORELEASING = YES;
				CLANG_WARN_BOOL_CONVERSION = YES;
				CLANG_WARN_COMMA = YES;
				CLANG_WARN_CONSTANT_CONVERSION = YES;
				CLANG_WARN_DEPRECATED_OBJC_IMPLEMENTATIONS = YES;
				CLANG_WARN_DIRECT_OBJC_ISA_USAGE = YES_ERROR;
				CLANG_WARN_DOCUMENTATION_COMMENTS = YES;
				CLANG_WARN_EMPTY_BODY = YES;
				CLANG_WARN_ENUM_CONVERSION = YES;
				CLANG_WARN_INFINITE_RECURSION = YES;
				CLANG_WARN_INT_CONVERSION = YES;
				CLANG_WARN_NON_LITERAL_NULL_CONVERSION = YES;
				CLANG_WARN_OBJC_IMPLICIT_RETAIN_SELF = YES;
				CLANG_WARN_OBJC_LITERAL_CONVERSION = YES;
				CLANG_WARN_OBJC_ROOT_CLASS = YES_ERROR;
				CLANG_WARN_QUOTED_INCLUDE_IN_FRAMEWORK_HEADER = YES;
				CLANG_WARN_RANGE_LOOP_ANALYSIS = YES;
				CLANG_WARN_STRICT_PROTOTYPES = YES;
				CLANG_WARN_SUSPICIOUS_MOVE = YES;
				CLANG_WARN_UNGUARDED_AVAILABILITY = YES_AGGRESSIVE;
				CLANG_WARN_UNREACHABLE_CODE = YES;
				CLANG_WARN__DUPLICATE_METHOD_MATCH = YES;
				COPY_PHASE_STRIP = NO;
				DEBUG_INFORMATION_FORMAT = dwarf;
				ENABLE_STRICT_OBJC_MSGSEND = YES;
				ENABLE_TESTABILITY = YES;
				GCC_C_LANGUAGE_STANDARD = gnu11;
				GCC_DYNAMIC_NO_PIC = NO;
				GCC_NO_COMMON_BLOCKS = YES;
				GCC_OPTIMIZATION_LEVEL = 0;
				GCC_PREPROCESSOR_DEFINITIONS = (
					"DEBUG=1",
					"$(inherited)",
				);
				GCC_WARN_64_TO_32_BIT_CONVERSION = YES;
				GCC_WARN_ABOUT_RETURN_TYPE = YES_ERROR;
				GCC_WARN_UNDECLARED_SELECTOR = YES;
				GCC_WARN_UNINITIALIZED_AUTOS = YES_AGGRESSIVE;
				GCC_WARN_UNUSED_FUNCTION = YES;
				GCC_WARN_UNUSED_VARIABLE = YES;
				IPHONEOS_DEPLOYMENT_TARGET = 15.5;
				MTL_ENABLE_DEBUG_INFO = INCLUDE_SOURCE;
				MTL_FAST_MATH = YES;
				ONLY_ACTIVE_ARCH = YES;
				SDKROOT = iphoneos;
			};
			name = Debug;
		};
		4FDCAE8E28AB8F610041B31B /* Release */ = {
			isa = XCBuildConfiguration;
			buildSettings = {
				ALWAYS_SEARCH_USER_PATHS = NO;
				CLANG_ANALYZER_NONNULL = YES;
				CLANG_ANALYZER_NUMBER_OBJECT_CONVERSION = YES_AGGRESSIVE;
				CLANG_CXX_LANGUAGE_STANDARD = "gnu++17";
				CLANG_ENABLE_MODULES = YES;
				CLANG_ENABLE_OBJC_ARC = YES;
				CLANG_ENABLE_OBJC_WEAK = YES;
				CLANG_WARN_BLOCK_CAPTURE_AUTORELEASING = YES;
				CLANG_WARN_BOOL_CONVERSION = YES;
				CLANG_WARN_COMMA = YES;
				CLANG_WARN_CONSTANT_CONVERSION = YES;
				CLANG_WARN_DEPRECATED_OBJC_IMPLEMENTATIONS = YES;
				CLANG_WARN_DIRECT_OBJC_ISA_USAGE = YES_ERROR;
				CLANG_WARN_DOCUMENTATION_COMMENTS = YES;
				CLANG_WARN_EMPTY_BODY = YES;
				CLANG_WARN_ENUM_CONVERSION = YES;
				CLANG_WARN_INFINITE_RECURSION = YES;
				CLANG_WARN_INT_CONVERSION = YES;
				CLANG_WARN_NON_LITERAL_NULL_CONVERSION = YES;
				CLANG_WARN_OBJC_IMPLICIT_RETAIN_SELF = YES;
				CLANG_WARN_OBJC_LITERAL_CONVERSION = YES;
				CLANG_WARN_OBJC_ROOT_CLASS = YES_ERROR;
				CLANG_WARN_QUOTED_INCLUDE_IN_FRAMEWORK_HEADER = YES;
				CLANG_WARN_RANGE_LOOP_ANALYSIS = YES;
				CLANG_WARN_STRICT_PROTOTYPES = YES;
				CLANG_WARN_SUSPICIOUS_MOVE = YES;
				CLANG_WARN_UNGUARDED_AVAILABILITY = YES_AGGRESSIVE;
				CLANG_WARN_UNREACHABLE_CODE = YES;
				CLANG_WARN__DUPLICATE_METHOD_MATCH = YES;
				COPY_PHASE_STRIP = NO;
				DEBUG_INFORMATION_FORMAT = "dwarf-with-dsym";
				ENABLE_NS_ASSERTIONS = NO;
				ENABLE_STRICT_OBJC_MSGSEND = YES;
				GCC_C_LANGUAGE_STANDARD = gnu11;
				GCC_NO_COMMON_BLOCKS = YES;
				GCC_WARN_64_TO_32_BIT_CONVERSION = YES;
				GCC_WARN_ABOUT_RETURN_TYPE = YES_ERROR;
				GCC_WARN_UNDECLARED_SELECTOR = YES;
				GCC_WARN_UNINITIALIZED_AUTOS = YES_AGGRESSIVE;
				GCC_WARN_UNUSED_FUNCTION = YES;
				GCC_WARN_UNUSED_VARIABLE = YES;
				IPHONEOS_DEPLOYMENT_TARGET = 15.5;
				MTL_ENABLE_DEBUG_INFO = NO;
				MTL_FAST_MATH = YES;
				SDKROOT = iphoneos;
				VALIDATE_PRODUCT = YES;
			};
			name = Release;
		};
		4FDCAE9028AB8F610041B31B /* Debug */ = {
			isa = XCBuildConfiguration;
			buildSettings = {
				ASSETCATALOG_COMPILER_APPICON_NAME = AppIcon;
				ASSETCATALOG_COMPILER_GLOBAL_ACCENT_COLOR_NAME = AccentColor;
				CODE_SIGN_STYLE = Automatic;
				CURRENT_PROJECT_VERSION = 1;
				DEVELOPMENT_TEAM = LJ2765778Z;
				GCC_PRECOMPILE_PREFIX_HEADER = YES;
				GCC_PREFIX_HEADER = "$(TARGET_NAME)/PrefixHeader.pch";
				GENERATE_INFOPLIST_FILE = YES;
				INFOPLIST_FILE = ObjectiveCTesting/Info.plist;
				INFOPLIST_KEY_UIApplicationSupportsIndirectInputEvents = YES;
				INFOPLIST_KEY_UILaunchStoryboardName = LaunchScreen;
				INFOPLIST_KEY_UIMainStoryboardFile = Main;
				INFOPLIST_KEY_UISupportedInterfaceOrientations_iPad = "UIInterfaceOrientationPortrait UIInterfaceOrientationPortraitUpsideDown UIInterfaceOrientationLandscapeLeft UIInterfaceOrientationLandscapeRight";
				INFOPLIST_KEY_UISupportedInterfaceOrientations_iPhone = "UIInterfaceOrientationPortrait UIInterfaceOrientationLandscapeLeft UIInterfaceOrientationLandscapeRight";
				LD_RUNPATH_SEARCH_PATHS = (
					"$(inherited)",
					"@executable_path/Frameworks",
				);
				MARKETING_VERSION = 1.0;
				PRODUCT_BUNDLE_IDENTIFIER = com.snkirov.ObjectiveCTesting;
				PRODUCT_NAME = "$(TARGET_NAME)";
				SWIFT_EMIT_LOC_STRINGS = YES;
				TARGETED_DEVICE_FAMILY = 1;
			};
			name = Debug;
		};
		4FDCAE9128AB8F610041B31B /* Release */ = {
			isa = XCBuildConfiguration;
			buildSettings = {
				ASSETCATALOG_COMPILER_APPICON_NAME = AppIcon;
				ASSETCATALOG_COMPILER_GLOBAL_ACCENT_COLOR_NAME = AccentColor;
				CODE_SIGN_STYLE = Automatic;
				CURRENT_PROJECT_VERSION = 1;
				DEVELOPMENT_TEAM = LJ2765778Z;
				GCC_PRECOMPILE_PREFIX_HEADER = YES;
				GCC_PREFIX_HEADER = "$(TARGET_NAME)/PrefixHeader.pch";
				GENERATE_INFOPLIST_FILE = YES;
				INFOPLIST_FILE = ObjectiveCTesting/Info.plist;
				INFOPLIST_KEY_UIApplicationSupportsIndirectInputEvents = YES;
				INFOPLIST_KEY_UILaunchStoryboardName = LaunchScreen;
				INFOPLIST_KEY_UIMainStoryboardFile = Main;
				INFOPLIST_KEY_UISupportedInterfaceOrientations_iPad = "UIInterfaceOrientationPortrait UIInterfaceOrientationPortraitUpsideDown UIInterfaceOrientationLandscapeLeft UIInterfaceOrientationLandscapeRight";
				INFOPLIST_KEY_UISupportedInterfaceOrientations_iPhone = "UIInterfaceOrientationPortrait UIInterfaceOrientationLandscapeLeft UIInterfaceOrientationLandscapeRight";
				LD_RUNPATH_SEARCH_PATHS = (
					"$(inherited)",
					"@executable_path/Frameworks",
				);
				MARKETING_VERSION = 1.0;
				PRODUCT_BUNDLE_IDENTIFIER = com.snkirov.ObjectiveCTesting;
				PRODUCT_NAME = "$(TARGET_NAME)";
				SWIFT_EMIT_LOC_STRINGS = YES;
				TARGETED_DEVICE_FAMILY = 1;
			};
			name = Release;
		};
/* End XCBuildConfiguration section */

/* Begin XCConfigurationList section */
		4FDCAE7128AB8F600041B31B /* Build configuration list for PBXProject "ObjectiveCTesting" */ = {
			isa = XCConfigurationList;
			buildConfigurations = (
				4FDCAE8D28AB8F610041B31B /* Debug */,
				4FDCAE8E28AB8F610041B31B /* Release */,
			);
			defaultConfigurationIsVisible = 0;
			defaultConfigurationName = Release;
		};
		4FDCAE8F28AB8F610041B31B /* Build configuration list for PBXNativeTarget "ObjectiveCTesting" */ = {
			isa = XCConfigurationList;
			buildConfigurations = (
				4FDCAE9028AB8F610041B31B /* Debug */,
				4FDCAE9128AB8F610041B31B /* Release */,
			);
			defaultConfigurationIsVisible = 0;
			defaultConfigurationName = Release;
		};
/* End XCConfigurationList section */
	};
	rootObject = 4FDCAE6E28AB8F600041B31B /* Project object */;
}
